
Microsoft Visual Studio Solution File, Format Version 12.00
# Visual Studio 14
VisualStudioVersion = 14.0.23107.0
MinimumVisualStudioVersion = 10.0.40219.1
Project("{FAE04EC0-301F-11D3-BF4B-00C04F79EFBC}") = "Prism6Demo2", "Prism6Demo2\Prism6Demo2.csproj", "{8C8975FD-3C04-46D6-8B61-751E4C4ECB1F}"
EndProject
Project("{2150E333-8FDC-42A3-9474-1A3956D46DE8}") = "docs", "docs", "{CB2B1D6C-DB8F-4EAC-AC56-EF013AF7924E}"
	ProjectSection(SolutionItems) = preProject
		docs\01-Creatingshell.pdf = docs\01-Creatingshell.pdf
	EndProjectSection
EndProject
Global
	GlobalSection(SolutionConfigurationPlatforms) = preSolution
		Debug|Any CPU = Debug|Any CPU
		Release|Any CPU = Release|Any CPU
	EndGlobalSection
	GlobalSection(ProjectConfigurationPlatforms) = postSolution
		{8C8975FD-3C04-46D6-8B61-751E4C4ECB1F}.Debug|Any CPU.ActiveCfg = Debug|Any CPU
		{8C8975FD-3C04-46D6-8B61-751E4C4ECB1F}.Debug|Any CPU.Build.0 = Debug|Any CPU
		{8C8975FD-3C04-46D6-8B61-751E4C4ECB1F}.Release|Any CPU.ActiveCfg = Release|Any CPU
		{8C8975FD-3C04-46D6-8B61-751E4C4ECB1F}.Release|Any CPU.Build.0 = Release|Any CPU
	EndGlobalSection
	GlobalSection(SolutionProperties) = preSolution
		HideSolutionNode = FALSE
	EndGlobalSection
EndGlobal
